PODS:
  - Capacitor (5.5.1):
    - CapacitorCordova
  - CapacitorApp (5.0.6):
    - Capacitor
  - CapacitorBrowser (5.1.0):
    - Capacitor
  - CapacitorCordova (5.5.1)
  - CapacitorHaptics (5.0.6):
    - Capacitor
  - CapacitorKeyboard (5.0.6):
    - Capacitor
  - CapacitorLiveUpdates (0.1.1-beta.4):
    - Capacitor
    - IonicLiveUpdates (~> 0.5.0-beta.1)
  - CapacitorStatusBar (5.0.6):
    - Capacitor
  - CordovaPlugins (5.5.1):
    - CapacitorCordova
  - IonicLiveUpdates (0.5.0)

DEPENDENCIES:
  - "Capacitor (from `../../node_modules/@capacitor/ios`)"
  - "CapacitorApp (from `../../node_modules/@capacitor/app`)"
  - "CapacitorBrowser (from `../../node_modules/@capacitor/browser`)"
  - "CapacitorCordova (from `../../node_modules/@capacitor/ios`)"
  - "CapacitorHaptics (from `../../node_modules/@capacitor/haptics`)"
  - "CapacitorKeyboard (from `../../node_modules/@capacitor/keyboard`)"
  - "CapacitorLiveUpdates (from `../../node_modules/@capacitor/live-updates`)"
  - "CapacitorStatusBar (from `../../node_modules/@capacitor/status-bar`)"
  - CordovaPlugins (from `../capacitor-cordova-ios-plugins`)

SPEC REPOS:
  trunk:
    - IonicLiveUpdates

EXTERNAL SOURCES:
  Capacitor:
    :path: "../../node_modules/@capacitor/ios"
  CapacitorApp:
    :path: "../../node_modules/@capacitor/app"
  CapacitorBrowser:
    :path: "../../node_modules/@capacitor/browser"
  CapacitorCordova:
    :path: "../../node_modules/@capacitor/ios"
  CapacitorHaptics:
    :path: "../../node_modules/@capacitor/haptics"
  CapacitorKeyboard:
    :path: "../../node_modules/@capacitor/keyboard"
  CapacitorLiveUpdates:
    :path: "../../node_modules/@capacitor/live-updates"
  CapacitorStatusBar:
    :path: "../../node_modules/@capacitor/status-bar"
  CordovaPlugins:
    :path: "../capacitor-cordova-ios-plugins"

SPEC CHECKSUMS:
  Capacitor: 9da0a2415e3b6098511f8b5ffdb578d91ee79f8f
  CapacitorApp: 963d90cb449803d58efc33bb515c81151e69159d
  CapacitorBrowser: 31371ef981e378cb592be8cc203a9a4cbf43c486
  CapacitorCordova: e128cc7688c070ca0bfa439898a5f609da8dbcfe
  CapacitorHaptics: 186982679c5f4005d1e6d2c719b8251c0d3a6df8
  CapacitorKeyboard: 2f3296af2bc929a5069f02ed264fdce58ed62028
  CapacitorLiveUpdates: 2dcb4c8640e7d6fbd4ab64e5441e6e9403ab9c82
  CapacitorStatusBar: a73a9ae0dd2ca30ee429782d5d3ae82dcfa80207
  CordovaPlugins: e9675db8b5f119c9c02ab3137838b73444cbee5a
  IonicLiveUpdates: 321d34fc5d6ae60d6145451f8f1c7b8971f0401d

PODFILE CHECKSUM: 6f8c0a9347c08caf61a57a2a57d3b2ef3bee0ad2

COCOAPODS: 1.15.2
